// !$*UTF8*$!
{
	archiveVersion = 1;
	classes = {
	};
	objectVersion = 56;
	objects = {

/* Begin PBXBuildFile section */
		6A04E47B2964A590008FD1C1 /* UIViewController+Utils.swift in Sources */ = {isa = PBXBuildFile; fileRef = 6A04E47A2964A590008FD1C1 /* UIViewController+Utils.swift */; };
		6A04E47D2964A8D5008FD1C1 /* MainViewController.swift in Sources */ = {isa = PBXBuildFile; fileRef = 6A04E47C2964A8D5008FD1C1 /* MainViewController.swift */; };
		6A27CE18295E2A2F00243B55 /* AppDelegate.swift in Sources */ = {isa = PBXBuildFile; fileRef = 6A27CE17295E2A2F00243B55 /* AppDelegate.swift */; };
		6A27CE1C295E2A2F00243B55 /* LoginViewController.swift in Sources */ = {isa = PBXBuildFile; fileRef = 6A27CE1B295E2A2F00243B55 /* LoginViewController.swift */; };
		6A27CE21295E2A3000243B55 /* Assets.xcassets in Resources */ = {isa = PBXBuildFile; fileRef = 6A27CE20295E2A3000243B55 /* Assets.xcassets */; };
		6A27CE24295E2A3000243B55 /* LaunchScreen.storyboard in Resources */ = {isa = PBXBuildFile; fileRef = 6A27CE22295E2A3000243B55 /* LaunchScreen.storyboard */; };
		6A27CE2E295E2C6B00243B55 /* LoginView.swift in Sources */ = {isa = PBXBuildFile; fileRef = 6A27CE2D295E2C6B00243B55 /* LoginView.swift */; };
		6A298C05297DB1AE0002E544 /* NSNotificationName.swift in Sources */ = {isa = PBXBuildFile; fileRef = 6A298C04297DB1AE0002E544 /* NSNotificationName.swift */; };
		6A298C07297DB5AA0002E544 /* UITextField+SecureToggle.swift in Sources */ = {isa = PBXBuildFile; fileRef = 6A298C06297DB5AA0002E544 /* UITextField+SecureToggle.swift */; };
		6A31A440296359F60072E19F /* DummyViewController.swift in Sources */ = {isa = PBXBuildFile; fileRef = 6A31A43F296359F60072E19F /* DummyViewController.swift */; };
		6A31A443296360F60072E19F /* LocalState.swift in Sources */ = {isa = PBXBuildFile; fileRef = 6A31A442296360F60072E19F /* LocalState.swift */; };
		6A567D652965F1DC0098F747 /* AccountSummaryViewController.swift in Sources */ = {isa = PBXBuildFile; fileRef = 6A567D642965F1DC0098F747 /* AccountSummaryViewController.swift */; };
		6A6A4BC72984882600E1AD28 /* Date+Utils.swift in Sources */ = {isa = PBXBuildFile; fileRef = 6A6A4BC62984882600E1AD28 /* Date+Utils.swift */; };
		6A6A4BC92984897100E1AD28 /* AccountSummaryViewController+Networking.swift in Sources */ = {isa = PBXBuildFile; fileRef = 6A6A4BC82984897100E1AD28 /* AccountSummaryViewController+Networking.swift */; };
		6A80F2C5298700030090303D /* ProfileTest.swift in Sources */ = {isa = PBXBuildFile; fileRef = 6A80F2C4298700030090303D /* ProfileTest.swift */; };
		6A80F2C7298704810090303D /* AccountTests.swift in Sources */ = {isa = PBXBuildFile; fileRef = 6A80F2C6298704800090303D /* AccountTests.swift */; };
		6A8D1494295F643F00CF87F2 /* OnboardingViewController.swift in Sources */ = {isa = PBXBuildFile; fileRef = 6A8D1493295F643F00CF87F2 /* OnboardingViewController.swift */; };
		6A9CB01F2967609000DB67DF /* AccountSummaryHeaderView.swift in Sources */ = {isa = PBXBuildFile; fileRef = 6A9CB01E2967609000DB67DF /* AccountSummaryHeaderView.swift */; };
		6A9CB0212967611200DB67DF /* AccountSummaryHeaderView.xib in Resources */ = {isa = PBXBuildFile; fileRef = 6A9CB0202967611200DB67DF /* AccountSummaryHeaderView.xib */; };
		6AADAD63297C89B30066CCCF /* CurrencyFormatterTests.swift in Sources */ = {isa = PBXBuildFile; fileRef = 6AADAD62297C89B30066CCCF /* CurrencyFormatterTests.swift */; };
		6AC11E15296B126500D1D4E7 /* AccountSummaryCell.swift in Sources */ = {isa = PBXBuildFile; fileRef = 6AC11E14296B126500D1D4E7 /* AccountSummaryCell.swift */; };
		6AC11E17296B347700D1D4E7 /* Decimal+Utils.swift in Sources */ = {isa = PBXBuildFile; fileRef = 6AC11E16296B347700D1D4E7 /* Decimal+Utils.swift */; };
		6AC11E19296B34FD00D1D4E7 /* CurrencyFormatter.swift in Sources */ = {isa = PBXBuildFile; fileRef = 6AC11E18296B34FD00D1D4E7 /* CurrencyFormatter.swift */; };
		6AF2A3F4295F50AB00EECFAC /* OnboardingContainerViewController.swift in Sources */ = {isa = PBXBuildFile; fileRef = 6AF2A3F3295F50AB00EECFAC /* OnboardingContainerViewController.swift */; };
		6AF8CE11298067B700C4E890 /* ShakeyBellView.swift in Sources */ = {isa = PBXBuildFile; fileRef = 6AF8CE10298067B700C4E890 /* ShakeyBellView.swift */; };
/* End PBXBuildFile section */

/* Begin PBXContainerItemProxy section */
		6AADAD5D297C88D50066CCCF /* PBXContainerItemProxy */ = {
			isa = PBXContainerItemProxy;
			containerPortal = 6A27CE0C295E2A2F00243B55 /* Project object */;
			proxyType = 1;
			remoteGlobalIDString = 6A27CE13295E2A2F00243B55;
			remoteInfo = BankApp;
		};
/* End PBXContainerItemProxy section */

/* Begin PBXFileReference section */
		6A04E47A2964A590008FD1C1 /* UIViewController+Utils.swift */ = {isa = PBXFileReference; lastKnownFileType = sourcecode.swift; path = "UIViewController+Utils.swift"; sourceTree = "<group>"; };
		6A04E47C2964A8D5008FD1C1 /* MainViewController.swift */ = {isa = PBXFileReference; lastKnownFileType = sourcecode.swift; path = MainViewController.swift; sourceTree = "<group>"; };
		6A27CE14295E2A2F00243B55 /* BankApp.app */ = {isa = PBXFileReference; explicitFileType = wrapper.application; includeInIndex = 0; path = BankApp.app; sourceTree = BUILT_PRODUCTS_DIR; };
		6A27CE17295E2A2F00243B55 /* AppDelegate.swift */ = {isa = PBXFileReference; lastKnownFileType = sourcecode.swift; path = AppDelegate.swift; sourceTree = "<group>"; };
		6A27CE1B295E2A2F00243B55 /* LoginViewController.swift */ = {isa = PBXFileReference; lastKnownFileType = sourcecode.swift; path = LoginViewController.swift; sourceTree = "<group>"; };
		6A27CE20295E2A3000243B55 /* Assets.xcassets */ = {isa = PBXFileReference; lastKnownFileType = folder.assetcatalog; path = Assets.xcassets; sourceTree = "<group>"; };
		6A27CE23295E2A3000243B55 /* Base */ = {isa = PBXFileReference; lastKnownFileType = file.storyboard; name = Base; path = Base.lproj/LaunchScreen.storyboard; sourceTree = "<group>"; };
		6A27CE25295E2A3000243B55 /* Info.plist */ = {isa = PBXFileReference; lastKnownFileType = text.plist.xml; path = Info.plist; sourceTree = "<group>"; };
		6A27CE2D295E2C6B00243B55 /* LoginView.swift */ = {isa = PBXFileReference; lastKnownFileType = sourcecode.swift; path = LoginView.swift; sourceTree = "<group>"; };
		6A298C04297DB1AE0002E544 /* NSNotificationName.swift */ = {isa = PBXFileReference; lastKnownFileType = sourcecode.swift; path = NSNotificationName.swift; sourceTree = "<group>"; };
		6A298C06297DB5AA0002E544 /* UITextField+SecureToggle.swift */ = {isa = PBXFileReference; lastKnownFileType = sourcecode.swift; path = "UITextField+SecureToggle.swift"; sourceTree = "<group>"; };
		6A31A43F296359F60072E19F /* DummyViewController.swift */ = {isa = PBXFileReference; lastKnownFileType = sourcecode.swift; path = DummyViewController.swift; sourceTree = "<group>"; };
		6A31A442296360F60072E19F /* LocalState.swift */ = {isa = PBXFileReference; lastKnownFileType = sourcecode.swift; path = LocalState.swift; sourceTree = "<group>"; };
		6A567D642965F1DC0098F747 /* AccountSummaryViewController.swift */ = {isa = PBXFileReference; lastKnownFileType = sourcecode.swift; path = AccountSummaryViewController.swift; sourceTree = "<group>"; };
		6A6A4BC62984882600E1AD28 /* Date+Utils.swift */ = {isa = PBXFileReference; lastKnownFileType = sourcecode.swift; path = "Date+Utils.swift"; sourceTree = "<group>"; };
		6A6A4BC82984897100E1AD28 /* AccountSummaryViewController+Networking.swift */ = {isa = PBXFileReference; lastKnownFileType = sourcecode.swift; path = "AccountSummaryViewController+Networking.swift"; sourceTree = "<group>"; };
		6A80F2C4298700030090303D /* ProfileTest.swift */ = {isa = PBXFileReference; lastKnownFileType = sourcecode.swift; path = ProfileTest.swift; sourceTree = "<group>"; };
		6A80F2C6298704800090303D /* AccountTests.swift */ = {isa = PBXFileReference; lastKnownFileType = sourcecode.swift; path = AccountTests.swift; sourceTree = "<group>"; };
		6A8D1493295F643F00CF87F2 /* OnboardingViewController.swift */ = {isa = PBXFileReference; lastKnownFileType = sourcecode.swift; path = OnboardingViewController.swift; sourceTree = "<group>"; };
		6A9CB01E2967609000DB67DF /* AccountSummaryHeaderView.swift */ = {isa = PBXFileReference; lastKnownFileType = sourcecode.swift; path = AccountSummaryHeaderView.swift; sourceTree = "<group>"; };
		6A9CB0202967611200DB67DF /* AccountSummaryHeaderView.xib */ = {isa = PBXFileReference; lastKnownFileType = file.xib; path = AccountSummaryHeaderView.xib; sourceTree = "<group>"; };
		6AADAD59297C88D40066CCCF /* BankAppUnitTests.xctest */ = {isa = PBXFileReference; explicitFileType = wrapper.cfbundle; includeInIndex = 0; path = BankAppUnitTests.xctest; sourceTree = BUILT_PRODUCTS_DIR; };
		6AADAD62297C89B30066CCCF /* CurrencyFormatterTests.swift */ = {isa = PBXFileReference; lastKnownFileType = sourcecode.swift; path = CurrencyFormatterTests.swift; sourceTree = "<group>"; };
		6AC11E14296B126500D1D4E7 /* AccountSummaryCell.swift */ = {isa = PBXFileReference; lastKnownFileType = sourcecode.swift; path = AccountSummaryCell.swift; sourceTree = "<group>"; };
		6AC11E16296B347700D1D4E7 /* Decimal+Utils.swift */ = {isa = PBXFileReference; lastKnownFileType = sourcecode.swift; path = "Decimal+Utils.swift"; sourceTree = "<group>"; };
		6AC11E18296B34FD00D1D4E7 /* CurrencyFormatter.swift */ = {isa = PBXFileReference; lastKnownFileType = sourcecode.swift; path = CurrencyFormatter.swift; sourceTree = "<group>"; };
		6AF2A3F3295F50AB00EECFAC /* OnboardingContainerViewController.swift */ = {isa = PBXFileReference; lastKnownFileType = sourcecode.swift; path = OnboardingContainerViewController.swift; sourceTree = "<group>"; };
		6AF8CE10298067B700C4E890 /* ShakeyBellView.swift */ = {isa = PBXFileReference; lastKnownFileType = sourcecode.swift; path = ShakeyBellView.swift; sourceTree = "<group>"; };
/* End PBXFileReference section */

/* Begin PBXFrameworksBuildPhase section */
		6A27CE11295E2A2F00243B55 /* Frameworks */ = {
			isa = PBXFrameworksBuildPhase;
			buildActionMask = 2147483647;
			files = (
			);
			runOnlyForDeploymentPostprocessing = 0;
		};
		6AADAD56297C88D40066CCCF /* Frameworks */ = {
			isa = PBXFrameworksBuildPhase;
			buildActionMask = 2147483647;
			files = (
			);
			runOnlyForDeploymentPostprocessing = 0;
		};
/* End PBXFrameworksBuildPhase section */

/* Begin PBXGroup section */
		6A27CE0B295E2A2F00243B55 = {
			isa = PBXGroup;
			children = (
				6A27CE16295E2A2F00243B55 /* BankApp */,
				6AADAD5A297C88D50066CCCF /* BankAppUnitTests */,
				6A27CE15295E2A2F00243B55 /* Products */,
			);
			sourceTree = "<group>";
		};
		6A27CE15295E2A2F00243B55 /* Products */ = {
			isa = PBXGroup;
			children = (
				6A27CE14295E2A2F00243B55 /* BankApp.app */,
				6AADAD59297C88D40066CCCF /* BankAppUnitTests.xctest */,
			);
			name = Products;
			sourceTree = "<group>";
		};
		6A27CE16295E2A2F00243B55 /* BankApp */ = {
			isa = PBXGroup;
			children = (
				6A27CE17295E2A2F00243B55 /* AppDelegate.swift */,
				6A04E47C2964A8D5008FD1C1 /* MainViewController.swift */,
				6A27CE2F295E317D00243B55 /* Login */,
				6AF2A3F2295F505E00EECFAC /* Onboarding */,
				6A567D632965F1A90098F747 /* AccountSummary */,
				6A31A441296360A10072E19F /* Utils */,
				6AF8CE0F2980675E00C4E890 /* Components */,
				6A27CE2B295E2BFA00243B55 /* Files */,
			);
			path = BankApp;
			sourceTree = "<group>";
		};
		6A27CE2B295E2BFA00243B55 /* Files */ = {
			isa = PBXGroup;
			children = (
				6A27CE20295E2A3000243B55 /* Assets.xcassets */,
				6A27CE22295E2A3000243B55 /* LaunchScreen.storyboard */,
				6A27CE25295E2A3000243B55 /* Info.plist */,
			);
			name = Files;
			sourceTree = "<group>";
		};
		6A27CE2F295E317D00243B55 /* Login */ = {
			isa = PBXGroup;
			children = (
				6A27CE2D295E2C6B00243B55 /* LoginView.swift */,
				6A27CE1B295E2A2F00243B55 /* LoginViewController.swift */,
				6A31A43F296359F60072E19F /* DummyViewController.swift */,
			);
			name = Login;
			sourceTree = "<group>";
		};
		6A31A441296360A10072E19F /* Utils */ = {
			isa = PBXGroup;
			children = (
				6A04E47A2964A590008FD1C1 /* UIViewController+Utils.swift */,
				6AC11E16296B347700D1D4E7 /* Decimal+Utils.swift */,
				6A6A4BC62984882600E1AD28 /* Date+Utils.swift */,
				6A298C06297DB5AA0002E544 /* UITextField+SecureToggle.swift */,
				6A31A442296360F60072E19F /* LocalState.swift */,
				6AC11E18296B34FD00D1D4E7 /* CurrencyFormatter.swift */,
				6A298C04297DB1AE0002E544 /* NSNotificationName.swift */,
			);
			name = Utils;
			sourceTree = "<group>";
		};
		6A567D632965F1A90098F747 /* AccountSummary */ = {
			isa = PBXGroup;
			children = (
				6A567D642965F1DC0098F747 /* AccountSummaryViewController.swift */,
				6A6A4BC82984897100E1AD28 /* AccountSummaryViewController+Networking.swift */,
				6AC11E12296B118E00D1D4E7 /* Header */,
				6AC11E13296B11DC00D1D4E7 /* Cells */,
			);
			name = AccountSummary;
			sourceTree = "<group>";
		};
		6A80F2C22986FFAC0090303D /* Utills */ = {
			isa = PBXGroup;
			children = (
			);
			path = Utills;
			sourceTree = "<group>";
		};
		6A80F2C32986FFD90090303D /* AccountSummary */ = {
			isa = PBXGroup;
			children = (
				6A80F2C4298700030090303D /* ProfileTest.swift */,
				6A80F2C6298704800090303D /* AccountTests.swift */,
			);
			path = AccountSummary;
			sourceTree = "<group>";
		};
		6AADAD5A297C88D50066CCCF /* BankAppUnitTests */ = {
			isa = PBXGroup;
			children = (
				6A80F2C32986FFD90090303D /* AccountSummary */,
				6A80F2C22986FFAC0090303D /* Utills */,
				6AADAD62297C89B30066CCCF /* CurrencyFormatterTests.swift */,
			);
			path = BankAppUnitTests;
			sourceTree = "<group>";
		};
		6AC11E12296B118E00D1D4E7 /* Header */ = {
			isa = PBXGroup;
			children = (
				6A9CB01E2967609000DB67DF /* AccountSummaryHeaderView.swift */,
				6A9CB0202967611200DB67DF /* AccountSummaryHeaderView.xib */,
			);
			name = Header;
			sourceTree = "<group>";
		};
		6AC11E13296B11DC00D1D4E7 /* Cells */ = {
			isa = PBXGroup;
			children = (
				6AC11E14296B126500D1D4E7 /* AccountSummaryCell.swift */,
			);
			name = Cells;
			sourceTree = "<group>";
		};
		6AF2A3F2295F505E00EECFAC /* Onboarding */ = {
			isa = PBXGroup;
			children = (
				6AF2A3F3295F50AB00EECFAC /* OnboardingContainerViewController.swift */,
				6A8D1493295F643F00CF87F2 /* OnboardingViewController.swift */,
			);
			name = Onboarding;
			sourceTree = "<group>";
		};
		6AF8CE0F2980675E00C4E890 /* Components */ = {
			isa = PBXGroup;
			children = (
				6AF8CE10298067B700C4E890 /* ShakeyBellView.swift */,
			);
			name = Components;
			sourceTree = "<group>";
		};
/* End PBXGroup section */

/* Begin PBXNativeTarget section */
		6A27CE13295E2A2F00243B55 /* BankApp */ = {
			isa = PBXNativeTarget;
			buildConfigurationList = 6A27CE28295E2A3000243B55 /* Build configuration list for PBXNativeTarget "BankApp" */;
			buildPhases = (
				6A27CE10295E2A2F00243B55 /* Sources */,
				6A27CE11295E2A2F00243B55 /* Frameworks */,
				6A27CE12295E2A2F00243B55 /* Resources */,
			);
			buildRules = (
			);
			dependencies = (
			);
			name = BankApp;
			productName = BankApp;
			productReference = 6A27CE14295E2A2F00243B55 /* BankApp.app */;
			productType = "com.apple.product-type.application";
		};
		6AADAD58297C88D40066CCCF /* BankAppUnitTests */ = {
			isa = PBXNativeTarget;
			buildConfigurationList = 6AADAD61297C88D50066CCCF /* Build configuration list for PBXNativeTarget "BankAppUnitTests" */;
			buildPhases = (
				6AADAD55297C88D40066CCCF /* Sources */,
				6AADAD56297C88D40066CCCF /* Frameworks */,
				6AADAD57297C88D40066CCCF /* Resources */,
			);
			buildRules = (
			);
			dependencies = (
				6AADAD5E297C88D50066CCCF /* PBXTargetDependency */,
			);
			name = BankAppUnitTests;
			productName = BankAppUnitTests;
			productReference = 6AADAD59297C88D40066CCCF /* BankAppUnitTests.xctest */;
			productType = "com.apple.product-type.bundle.unit-test";
		};
/* End PBXNativeTarget section */

/* Begin PBXProject section */
		6A27CE0C295E2A2F00243B55 /* Project object */ = {
			isa = PBXProject;
			attributes = {
				BuildIndependentTargetsInParallel = 1;
				LastSwiftUpdateCheck = 1420;
				LastUpgradeCheck = 1420;
				TargetAttributes = {
					6A27CE13295E2A2F00243B55 = {
						CreatedOnToolsVersion = 14.2;
					};
					6AADAD58297C88D40066CCCF = {
						CreatedOnToolsVersion = 14.2;
						LastSwiftMigration = 1420;
						TestTargetID = 6A27CE13295E2A2F00243B55;
					};
				};
			};
			buildConfigurationList = 6A27CE0F295E2A2F00243B55 /* Build configuration list for PBXProject "BankApp" */;
			compatibilityVersion = "Xcode 14.0";
			developmentRegion = en;
			hasScannedForEncodings = 0;
			knownRegions = (
				en,
				Base,
			);
			mainGroup = 6A27CE0B295E2A2F00243B55;
			productRefGroup = 6A27CE15295E2A2F00243B55 /* Products */;
			projectDirPath = "";
			projectRoot = "";
			targets = (
				6A27CE13295E2A2F00243B55 /* BankApp */,
				6AADAD58297C88D40066CCCF /* BankAppUnitTests */,
			);
		};
/* End PBXProject section */

/* Begin PBXResourcesBuildPhase section */
		6A27CE12295E2A2F00243B55 /* Resources */ = {
			isa = PBXResourcesBuildPhase;
			buildActionMask = 2147483647;
			files = (
				6A9CB0212967611200DB67DF /* AccountSummaryHeaderView.xib in Resources */,
				6A27CE24295E2A3000243B55 /* LaunchScreen.storyboard in Resources */,
				6A27CE21295E2A3000243B55 /* Assets.xcassets in Resources */,
			);
			runOnlyForDeploymentPostprocessing = 0;
		};
		6AADAD57297C88D40066CCCF /* Resources */ = {
			isa = PBXResourcesBuildPhase;
			buildActionMask = 2147483647;
			files = (
			);
			runOnlyForDeploymentPostprocessing = 0;
		};
/* End PBXResourcesBuildPhase section */

/* Begin PBXSourcesBuildPhase section */
		6A27CE10295E2A2F00243B55 /* Sources */ = {
			isa = PBXSourcesBuildPhase;
			buildActionMask = 2147483647;
			files = (
				6A04E47B2964A590008FD1C1 /* UIViewController+Utils.swift in Sources */,
				6A6A4BC72984882600E1AD28 /* Date+Utils.swift in Sources */,
				6A27CE2E295E2C6B00243B55 /* LoginView.swift in Sources */,
				6A31A443296360F60072E19F /* LocalState.swift in Sources */,
				6A9CB01F2967609000DB67DF /* AccountSummaryHeaderView.swift in Sources */,
				6A298C07297DB5AA0002E544 /* UITextField+SecureToggle.swift in Sources */,
				6A31A440296359F60072E19F /* DummyViewController.swift in Sources */,
				6AC11E19296B34FD00D1D4E7 /* CurrencyFormatter.swift in Sources */,
				6AC11E17296B347700D1D4E7 /* Decimal+Utils.swift in Sources */,
				6A298C05297DB1AE0002E544 /* NSNotificationName.swift in Sources */,
				6A27CE1C295E2A2F00243B55 /* LoginViewController.swift in Sources */,
				6AF8CE11298067B700C4E890 /* ShakeyBellView.swift in Sources */,
				6AC11E15296B126500D1D4E7 /* AccountSummaryCell.swift in Sources */,
				6A8D1494295F643F00CF87F2 /* OnboardingViewController.swift in Sources */,
				6A04E47D2964A8D5008FD1C1 /* MainViewController.swift in Sources */,
				6A567D652965F1DC0098F747 /* AccountSummaryViewController.swift in Sources */,
				6A27CE18295E2A2F00243B55 /* AppDelegate.swift in Sources */,
				6AF2A3F4295F50AB00EECFAC /* OnboardingContainerViewController.swift in Sources */,
				6A6A4BC92984897100E1AD28 /* AccountSummaryViewController+Networking.swift in Sources */,
			);
			runOnlyForDeploymentPostprocessing = 0;
		};
		6AADAD55297C88D40066CCCF /* Sources */ = {
			isa = PBXSourcesBuildPhase;
			buildActionMask = 2147483647;
			files = (
				6AADAD63297C89B30066CCCF /* CurrencyFormatterTests.swift in Sources */,
				6A80F2C7298704810090303D /* AccountTests.swift in Sources */,
				6A80F2C5298700030090303D /* ProfileTest.swift in Sources */,
			);
			runOnlyForDeploymentPostprocessing = 0;
		};
/* End PBXSourcesBuildPhase section */

/* Begin PBXTargetDependency section */
		6AADAD5E297C88D50066CCCF /* PBXTargetDependency */ = {
			isa = PBXTargetDependency;
			target = 6A27CE13295E2A2F00243B55 /* BankApp */;
			targetProxy = 6AADAD5D297C88D50066CCCF /* PBXContainerItemProxy */;
		};
/* End PBXTargetDependency section */

/* Begin PBXVariantGroup section */
		6A27CE22295E2A3000243B55 /* LaunchScreen.storyboard */ = {
			isa = PBXVariantGroup;
			children = (
				6A27CE23295E2A3000243B55 /* Base */,
			);
			name = LaunchScreen.storyboard;
			sourceTree = "<group>";
		};
/* End PBXVariantGroup section */

/* Begin XCBuildConfiguration section */
		6A27CE26295E2A3000243B55 /* Debug */ = {
			isa = XCBuildConfiguration;
			buildSettings = {
				ALWAYS_SEARCH_USER_PATHS = NO;
				CLANG_ANALYZER_NONNULL = YES;
				CLANG_ANALYZER_NUMBER_OBJECT_CONVERSION = YES_AGGRESSIVE;
				CLANG_CXX_LANGUAGE_STANDARD = "gnu++20";
				CLANG_ENABLE_MODULES = YES;
				CLANG_ENABLE_OBJC_ARC = YES;
				CLANG_ENABLE_OBJC_WEAK = YES;
				CLANG_WARN_BLOCK_CAPTURE_AUTORELEASING = YES;
				CLANG_WARN_BOOL_CONVERSION = YES;
				CLANG_WARN_COMMA = YES;
				CLANG_WARN_CONSTANT_CONVERSION = YES;
				CLANG_WARN_DEPRECATED_OBJC_IMPLEMENTATIONS = YES;
				CLANG_WARN_DIRECT_OBJC_ISA_USAGE = YES_ERROR;
				CLANG_WARN_DOCUMENTATION_COMMENTS = YES;
				CLANG_WARN_EMPTY_BODY = YES;
				CLANG_WARN_ENUM_CONVERSION = YES;
				CLANG_WARN_INFINITE_RECURSION = YES;
				CLANG_WARN_INT_CONVERSION = YES;
				CLANG_WARN_NON_LITERAL_NULL_CONVERSION = YES;
				CLANG_WARN_OBJC_IMPLICIT_RETAIN_SELF = YES;
				CLANG_WARN_OBJC_LITERAL_CONVERSION = YES;
				CLANG_WARN_OBJC_ROOT_CLASS = YES_ERROR;
				CLANG_WARN_QUOTED_INCLUDE_IN_FRAMEWORK_HEADER = YES;
				CLANG_WARN_RANGE_LOOP_ANALYSIS = YES;
				CLANG_WARN_STRICT_PROTOTYPES = YES;
				CLANG_WARN_SUSPICIOUS_MOVE = YES;
				CLANG_WARN_UNGUARDED_AVAILABILITY = YES_AGGRESSIVE;
				CLANG_WARN_UNREACHABLE_CODE = YES;
				CLANG_WARN__DUPLICATE_METHOD_MATCH = YES;
				COPY_PHASE_STRIP = NO;
				DEBUG_INFORMATION_FORMAT = dwarf;
				ENABLE_STRICT_OBJC_MSGSEND = YES;
				ENABLE_TESTABILITY = YES;
				GCC_C_LANGUAGE_STANDARD = gnu11;
				GCC_DYNAMIC_NO_PIC = NO;
				GCC_NO_COMMON_BLOCKS = YES;
				GCC_OPTIMIZATION_LEVEL = 0;
				GCC_PREPROCESSOR_DEFINITIONS = (
					"DEBUG=1",
					"$(inherited)",
				);
				GCC_WARN_64_TO_32_BIT_CONVERSION = YES;
				GCC_WARN_ABOUT_RETURN_TYPE = YES_ERROR;
				GCC_WARN_UNDECLARED_SELECTOR = YES;
				GCC_WARN_UNINITIALIZED_AUTOS = YES_AGGRESSIVE;
				GCC_WARN_UNUSED_FUNCTION = YES;
				GCC_WARN_UNUSED_VARIABLE = YES;
				IPHONEOS_DEPLOYMENT_TARGET = 16.2;
				MTL_ENABLE_DEBUG_INFO = INCLUDE_SOURCE;
				MTL_FAST_MATH = YES;
				ONLY_ACTIVE_ARCH = YES;
				SDKROOT = iphoneos;
				SWIFT_ACTIVE_COMPILATION_CONDITIONS = DEBUG;
				SWIFT_OPTIMIZATION_LEVEL = "-Onone";
			};
			name = Debug;
		};
		6A27CE27295E2A3000243B55 /* Release */ = {
			isa = XCBuildConfiguration;
			buildSettings = {
				ALWAYS_SEARCH_USER_PATHS = NO;
				CLANG_ANALYZER_NONNULL = YES;
				CLANG_ANALYZER_NUMBER_OBJECT_CONVERSION = YES_AGGRESSIVE;
				CLANG_CXX_LANGUAGE_STANDARD = "gnu++20";
				CLANG_ENABLE_MODULES = YES;
				CLANG_ENABLE_OBJC_ARC = YES;
				CLANG_ENABLE_OBJC_WEAK = YES;
				CLANG_WARN_BLOCK_CAPTURE_AUTORELEASING = YES;
				CLANG_WARN_BOOL_CONVERSION = YES;
				CLANG_WARN_COMMA = YES;
				CLANG_WARN_CONSTANT_CONVERSION = YES;
				CLANG_WARN_DEPRECATED_OBJC_IMPLEMENTATIONS = YES;
				CLANG_WARN_DIRECT_OBJC_ISA_USAGE = YES_ERROR;
				CLANG_WARN_DOCUMENTATION_COMMENTS = YES;
				CLANG_WARN_EMPTY_BODY = YES;
				CLANG_WARN_ENUM_CONVERSION = YES;
				CLANG_WARN_INFINITE_RECURSION = YES;
				CLANG_WARN_INT_CONVERSION = YES;
				CLANG_WARN_NON_LITERAL_NULL_CONVERSION = YES;
				CLANG_WARN_OBJC_IMPLICIT_RETAIN_SELF = YES;
				CLANG_WARN_OBJC_LITERAL_CONVERSION = YES;
				CLANG_WARN_OBJC_ROOT_CLASS = YES_ERROR;
				CLANG_WARN_QUOTED_INCLUDE_IN_FRAMEWORK_HEADER = YES;
				CLANG_WARN_RANGE_LOOP_ANALYSIS = YES;
				CLANG_WARN_STRICT_PROTOTYPES = YES;
				CLANG_WARN_SUSPICIOUS_MOVE = YES;
				CLANG_WARN_UNGUARDED_AVAILABILITY = YES_AGGRESSIVE;
				CLANG_WARN_UNREACHABLE_CODE = YES;
				CLANG_WARN__DUPLICATE_METHOD_MATCH = YES;
				COPY_PHASE_STRIP = NO;
				DEBUG_INFORMATION_FORMAT = "dwarf-with-dsym";
				ENABLE_NS_ASSERTIONS = NO;
				ENABLE_STRICT_OBJC_MSGSEND = YES;
				GCC_C_LANGUAGE_STANDARD = gnu11;
				GCC_NO_COMMON_BLOCKS = YES;
				GCC_WARN_64_TO_32_BIT_CONVERSION = YES;
				GCC_WARN_ABOUT_RETURN_TYPE = YES_ERROR;
				GCC_WARN_UNDECLARED_SELECTOR = YES;
				GCC_WARN_UNINITIALIZED_AUTOS = YES_AGGRESSIVE;
				GCC_WARN_UNUSED_FUNCTION = YES;
				GCC_WARN_UNUSED_VARIABLE = YES;
				IPHONEOS_DEPLOYMENT_TARGET = 16.2;
				MTL_ENABLE_DEBUG_INFO = NO;
				MTL_FAST_MATH = YES;
				SDKROOT = iphoneos;
				SWIFT_COMPILATION_MODE = wholemodule;
				SWIFT_OPTIMIZATION_LEVEL = "-O";
				VALIDATE_PRODUCT = YES;
			};
			name = Release;
		};
		6A27CE29295E2A3000243B55 /* Debug */ = {
			isa = XCBuildConfiguration;
			buildSettings = {
				ASSETCATALOG_COMPILER_APPICON_NAME = AppIcon;
				ASSETCATALOG_COMPILER_GLOBAL_ACCENT_COLOR_NAME = AccentColor;
				CODE_SIGN_STYLE = Automatic;
				CURRENT_PROJECT_VERSION = 1;
				DEVELOPMENT_TEAM = 9PCQ5XC84W;
				GENERATE_INFOPLIST_FILE = YES;
				INFOPLIST_FILE = BankApp/Info.plist;
				INFOPLIST_KEY_UIApplicationSupportsIndirectInputEvents = YES;
				INFOPLIST_KEY_UILaunchStoryboardName = LaunchScreen;
				INFOPLIST_KEY_UISupportedInterfaceOrientations_iPad = "UIInterfaceOrientationPortrait UIInterfaceOrientationPortraitUpsideDown UIInterfaceOrientationLandscapeLeft UIInterfaceOrientationLandscapeRight";
				INFOPLIST_KEY_UISupportedInterfaceOrientations_iPhone = "UIInterfaceOrientationPortrait UIInterfaceOrientationLandscapeLeft UIInterfaceOrientationLandscapeRight";
				IPHONEOS_DEPLOYMENT_TARGET = 16.0;
				LD_RUNPATH_SEARCH_PATHS = (
					"$(inherited)",
					"@executable_path/Frameworks",
				);
				MARKETING_VERSION = 1.0;
				PRODUCT_BUNDLE_IDENTIFIER = com.mandlecommerce.BankApp;
				PRODUCT_NAME = "$(TARGET_NAME)";
				SWIFT_EMIT_LOC_STRINGS = YES;
				SWIFT_VERSION = 5.0;
				TARGETED_DEVICE_FAMILY = "1,2";
			};
			name = Debug;
		};
		6A27CE2A295E2A3000243B55 /* Release */ = {
			isa = XCBuildConfiguration;
			buildSettings = {
				ASSETCATALOG_COMPILER_APPICON_NAME = AppIcon;
				ASSETCATALOG_COMPILER_GLOBAL_ACCENT_COLOR_NAME = AccentColor;
				CODE_SIGN_STYLE = Automatic;
				CURRENT_PROJECT_VERSION = 1;
				DEVELOPMENT_TEAM = 9PCQ5XC84W;
				GENERATE_INFOPLIST_FILE = YES;
				INFOPLIST_FILE = BankApp/Info.plist;
				INFOPLIST_KEY_UIApplicationSupportsIndirectInputEvents = YES;
				INFOPLIST_KEY_UILaunchStoryboardName = LaunchScreen;
				INFOPLIST_KEY_UISupportedInterfaceOrientations_iPad = "UIInterfaceOrientationPortrait UIInterfaceOrientationPortraitUpsideDown UIInterfaceOrientationLandscapeLeft UIInterfaceOrientationLandscapeRight";
				INFOPLIST_KEY_UISupportedInterfaceOrientations_iPhone = "UIInterfaceOrientationPortrait UIInterfaceOrientationLandscapeLeft UIInterfaceOrientationLandscapeRight";
				IPHONEOS_DEPLOYMENT_TARGET = 16.0;
				LD_RUNPATH_SEARCH_PATHS = (
					"$(inherited)",
					"@executable_path/Frameworks",
				);
				MARKETING_VERSION = 1.0;
				PRODUCT_BUNDLE_IDENTIFIER = com.mandlecommerce.BankApp;
				PRODUCT_NAME = "$(TARGET_NAME)";
				SWIFT_EMIT_LOC_STRINGS = YES;
				SWIFT_VERSION = 5.0;
				TARGETED_DEVICE_FAMILY = "1,2";
			};
			name = Release;
		};
		6AADAD5F297C88D50066CCCF /* Debug */ = {
			isa = XCBuildConfiguration;
			buildSettings = {
				BUNDLE_LOADER = "$(TEST_HOST)";
				CLANG_ENABLE_MODULES = YES;
				CODE_SIGN_STYLE = Automatic;
				CURRENT_PROJECT_VERSION = 1;
				DEVELOPMENT_TEAM = 9PCQ5XC84W;
				GENERATE_INFOPLIST_FILE = YES;
				LD_RUNPATH_SEARCH_PATHS = (
					"$(inherited)",
					"@executable_path/Frameworks",
					"@loader_path/Frameworks",
				);
				MARKETING_VERSION = 1.0;
				PRODUCT_BUNDLE_IDENTIFIER = com.mandlecommerce.BankAppUnitTests;
				PRODUCT_NAME = "$(TARGET_NAME)";
				SWIFT_EMIT_LOC_STRINGS = NO;
				SWIFT_OPTIMIZATION_LEVEL = "-Onone";
				SWIFT_VERSION = 5.0;
				TARGETED_DEVICE_FAMILY = "1,2";
				TEST_HOST = "$(BUILT_PRODUCTS_DIR)/BankApp.app/$(BUNDLE_EXECUTABLE_FOLDER_PATH)/BankApp";
			};
			name = Debug;
		};
		6AADAD60297C88D50066CCCF /* Release */ = {
			isa = XCBuildConfiguration;
			buildSettings = {
				BUNDLE_LOADER = "$(TEST_HOST)";
				CLANG_ENABLE_MODULES = YES;
				CODE_SIGN_STYLE = Automatic;
				CURRENT_PROJECT_VERSION = 1;
				DEVELOPMENT_TEAM = 9PCQ5XC84W;
				GENERATE_INFOPLIST_FILE = YES;
				LD_RUNPATH_SEARCH_PATHS = (
					"$(inherited)",
					"@executable_path/Frameworks",
					"@loader_path/Frameworks",
				);
				MARKETING_VERSION = 1.0;
				PRODUCT_BUNDLE_IDENTIFIER = com.mandlecommerce.BankAppUnitTests;
				PRODUCT_NAME = "$(TARGET_NAME)";
				SWIFT_EMIT_LOC_STRINGS = NO;
				SWIFT_VERSION = 5.0;
				TARGETED_DEVICE_FAMILY = "1,2";
				TEST_HOST = "$(BUILT_PRODUCTS_DIR)/BankApp.app/$(BUNDLE_EXECUTABLE_FOLDER_PATH)/BankApp";
			};
			name = Release;
		};
/* End XCBuildConfiguration section */

/* Begin XCConfigurationList section */
		6A27CE0F295E2A2F00243B55 /* Build configuration list for PBXProject "BankApp" */ = {
			isa = XCConfigurationList;
			buildConfigurations = (
				6A27CE26295E2A3000243B55 /* Debug */,
				6A27CE27295E2A3000243B55 /* Release */,
			);
			defaultConfigurationIsVisible = 0;
			defaultConfigurationName = Release;
		};
		6A27CE28295E2A3000243B55 /* Build configuration list for PBXNativeTarget "BankApp" */ = {
			isa = XCConfigurationList;
			buildConfigurations = (
				6A27CE29295E2A3000243B55 /* Debug */,
				6A27CE2A295E2A3000243B55 /* Release */,
			);
			defaultConfigurationIsVisible = 0;
			defaultConfigurationName = Release;
		};
		6AADAD61297C88D50066CCCF /* Build configuration list for PBXNativeTarget "BankAppUnitTests" */ = {
			isa = XCConfigurationList;
			buildConfigurations = (
				6AADAD5F297C88D50066CCCF /* Debug */,
				6AADAD60297C88D50066CCCF /* Release */,
			);
			defaultConfigurationIsVisible = 0;
			defaultConfigurationName = Release;
		};
/* End XCConfigurationList section */
	};
	rootObject = 6A27CE0C295E2A2F00243B55 /* Project object */;
}
