// !$*UTF8*$!
{
	archiveVersion = 1;
	classes = {
	};
	objectVersion = 56;
	objects = {

/* Begin PBXBuildFile section */
		6A00CFF629AEA574007206E6 /* PasswordStatusViewTests.swift in Sources */ = {isa = PBXBuildFile; fileRef = 6A00CFF529AEA574007206E6 /* PasswordStatusViewTests.swift */; };
		6A00CFF829AEA9BF007206E6 /* ViewControllerTests.swift in Sources */ = {isa = PBXBuildFile; fileRef = 6A00CFF729AEA9BF007206E6 /* ViewControllerTests.swift */; };
		6A1D58AC29AEAE6100114195 /* String+Utils.swift in Sources */ = {isa = PBXBuildFile; fileRef = 6A1D58AB29AEAE6000114195 /* String+Utils.swift */; };
		6A2EB3EF29A965BE00C2CE98 /* PasswordTextField.swift in Sources */ = {isa = PBXBuildFile; fileRef = 6A2EB3EE29A965BE00C2CE98 /* PasswordTextField.swift */; };
		6A74E74A29AA9E62000973D1 /* PasswordCritiera.swift in Sources */ = {isa = PBXBuildFile; fileRef = 6A74E74929AA9E62000973D1 /* PasswordCritiera.swift */; };
		6A7D9BF929AEA4240094167C /* PasswordCriteria.swift in Sources */ = {isa = PBXBuildFile; fileRef = 6A7D9BF829AEA4240094167C /* PasswordCriteria.swift */; };
		6AC35B1E29AD20FA0073BE55 /* UIResponder+Utils.swift in Sources */ = {isa = PBXBuildFile; fileRef = 6AC35B1D29AD20FA0073BE55 /* UIResponder+Utils.swift */; };
		6ACEAF8C29AA7AA600C18ABF /* PasswordCriteriaView.swift in Sources */ = {isa = PBXBuildFile; fileRef = 6ACEAF8B29AA7AA600C18ABF /* PasswordCriteriaView.swift */; };
		6ACEAF8F29AA863200C18ABF /* PasswordStatusView.swift in Sources */ = {isa = PBXBuildFile; fileRef = 6ACEAF8E29AA863200C18ABF /* PasswordStatusView.swift */; };
		6AE548B229A963B50077B24B /* AppDelegate.swift in Sources */ = {isa = PBXBuildFile; fileRef = 6AE548B129A963B50077B24B /* AppDelegate.swift */; };
		6AE548B629A963B50077B24B /* ViewController.swift in Sources */ = {isa = PBXBuildFile; fileRef = 6AE548B529A963B50077B24B /* ViewController.swift */; };
		6AE548BB29A963B60077B24B /* Assets.xcassets in Resources */ = {isa = PBXBuildFile; fileRef = 6AE548BA29A963B60077B24B /* Assets.xcassets */; };
		6AE548BE29A963B60077B24B /* LaunchScreen.storyboard in Resources */ = {isa = PBXBuildFile; fileRef = 6AE548BC29A963B60077B24B /* LaunchScreen.storyboard */; };
/* End PBXBuildFile section */

/* Begin PBXContainerItemProxy section */
		6A7D9BF329AEA4040094167C /* PBXContainerItemProxy */ = {
			isa = PBXContainerItemProxy;
			containerPortal = 6AE548A629A963B40077B24B /* Project object */;
			proxyType = 1;
			remoteGlobalIDString = 6AE548AD29A963B50077B24B;
			remoteInfo = Password;
		};
/* End PBXContainerItemProxy section */

/* Begin PBXFileReference section */
		6A00CFF529AEA574007206E6 /* PasswordStatusViewTests.swift */ = {isa = PBXFileReference; lastKnownFileType = sourcecode.swift; path = PasswordStatusViewTests.swift; sourceTree = SOURCE_ROOT; };
		6A00CFF729AEA9BF007206E6 /* ViewControllerTests.swift */ = {isa = PBXFileReference; lastKnownFileType = sourcecode.swift; path = ViewControllerTests.swift; sourceTree = SOURCE_ROOT; };
		6A1D58AB29AEAE6000114195 /* String+Utils.swift */ = {isa = PBXFileReference; fileEncoding = 4; lastKnownFileType = sourcecode.swift; path = "String+Utils.swift"; sourceTree = "<group>"; };
		6A2EB3EE29A965BE00C2CE98 /* PasswordTextField.swift */ = {isa = PBXFileReference; lastKnownFileType = sourcecode.swift; path = PasswordTextField.swift; sourceTree = "<group>"; };
		6A74E74929AA9E62000973D1 /* PasswordCritiera.swift */ = {isa = PBXFileReference; lastKnownFileType = sourcecode.swift; path = PasswordCritiera.swift; sourceTree = "<group>"; };
		6A7D9BEF29AEA4040094167C /* PasswordTests.xctest */ = {isa = PBXFileReference; explicitFileType = wrapper.cfbundle; includeInIndex = 0; path = PasswordTests.xctest; sourceTree = BUILT_PRODUCTS_DIR; };
		6A7D9BF829AEA4240094167C /* PasswordCriteria.swift */ = {isa = PBXFileReference; lastKnownFileType = sourcecode.swift; path = PasswordCriteria.swift; sourceTree = SOURCE_ROOT; };
		6AC35B1D29AD20FA0073BE55 /* UIResponder+Utils.swift */ = {isa = PBXFileReference; lastKnownFileType = sourcecode.swift; path = "UIResponder+Utils.swift"; sourceTree = "<group>"; };
		6ACEAF8B29AA7AA600C18ABF /* PasswordCriteriaView.swift */ = {isa = PBXFileReference; lastKnownFileType = sourcecode.swift; path = PasswordCriteriaView.swift; sourceTree = "<group>"; };
		6ACEAF8E29AA863200C18ABF /* PasswordStatusView.swift */ = {isa = PBXFileReference; lastKnownFileType = sourcecode.swift; path = PasswordStatusView.swift; sourceTree = "<group>"; };
		6AE548AE29A963B50077B24B /* Password.app */ = {isa = PBXFileReference; explicitFileType = wrapper.application; includeInIndex = 0; path = Password.app; sourceTree = BUILT_PRODUCTS_DIR; };
		6AE548B129A963B50077B24B /* AppDelegate.swift */ = {isa = PBXFileReference; lastKnownFileType = sourcecode.swift; path = AppDelegate.swift; sourceTree = "<group>"; };
		6AE548B529A963B50077B24B /* ViewController.swift */ = {isa = PBXFileReference; lastKnownFileType = sourcecode.swift; path = ViewController.swift; sourceTree = "<group>"; };
		6AE548BA29A963B60077B24B /* Assets.xcassets */ = {isa = PBXFileReference; lastKnownFileType = folder.assetcatalog; path = Assets.xcassets; sourceTree = "<group>"; };
		6AE548BD29A963B60077B24B /* Base */ = {isa = PBXFileReference; lastKnownFileType = file.storyboard; name = Base; path = Base.lproj/LaunchScreen.storyboard; sourceTree = "<group>"; };
		6AE548BF29A963B60077B24B /* Info.plist */ = {isa = PBXFileReference; lastKnownFileType = text.plist.xml; path = Info.plist; sourceTree = "<group>"; };
/* End PBXFileReference section */

/* Begin PBXFrameworksBuildPhase section */
		6A7D9BEC29AEA4040094167C /* Frameworks */ = {
			isa = PBXFrameworksBuildPhase;
			buildActionMask = 2147483647;
			files = (
			);
			runOnlyForDeploymentPostprocessing = 0;
		};
		6AE548AB29A963B50077B24B /* Frameworks */ = {
			isa = PBXFrameworksBuildPhase;
			buildActionMask = 2147483647;
			files = (
			);
			runOnlyForDeploymentPostprocessing = 0;
		};
/* End PBXFrameworksBuildPhase section */

/* Begin PBXGroup section */
		6A1D58AA29AEAE6000114195 /* Utils */ = {
			isa = PBXGroup;
			children = (
				6A1D58AB29AEAE6000114195 /* String+Utils.swift */,
			);
			path = Utils;
			sourceTree = "<group>";
		};
		6A7D9BF029AEA4040094167C /* PasswordTests */ = {
			isa = PBXGroup;
			children = (
				6A1D58AA29AEAE6000114195 /* Utils */,
				6A7D9BF829AEA4240094167C /* PasswordCriteria.swift */,
				6A00CFF529AEA574007206E6 /* PasswordStatusViewTests.swift */,
				6A00CFF729AEA9BF007206E6 /* ViewControllerTests.swift */,
			);
			path = PasswordTests;
			sourceTree = "<group>";
		};
		6AC35B1F29AD21100073BE55 /* Utils */ = {
			isa = PBXGroup;
			children = (
				6AC35B1D29AD20FA0073BE55 /* UIResponder+Utils.swift */,
			);
			name = Utils;
			sourceTree = "<group>";
		};
		6ACEAF8A29AA7A9500C18ABF /* PasswordStatusView */ = {
			isa = PBXGroup;
			children = (
				6ACEAF8B29AA7AA600C18ABF /* PasswordCriteriaView.swift */,
				6ACEAF8E29AA863200C18ABF /* PasswordStatusView.swift */,
				6A74E74929AA9E62000973D1 /* PasswordCritiera.swift */,
			);
			name = PasswordStatusView;
			sourceTree = "<group>";
		};
		6AE548A529A963B40077B24B = {
			isa = PBXGroup;
			children = (
				6AE548B029A963B50077B24B /* Password */,
				6A7D9BF029AEA4040094167C /* PasswordTests */,
				6AE548AF29A963B50077B24B /* Products */,
			);
			sourceTree = "<group>";
		};
		6AE548AF29A963B50077B24B /* Products */ = {
			isa = PBXGroup;
			children = (
				6AE548AE29A963B50077B24B /* Password.app */,
				6A7D9BEF29AEA4040094167C /* PasswordTests.xctest */,
			);
			name = Products;
			sourceTree = "<group>";
		};
		6AE548B029A963B50077B24B /* Password */ = {
			isa = PBXGroup;
			children = (
				6AE548B129A963B50077B24B /* AppDelegate.swift */,
				6AE548B529A963B50077B24B /* ViewController.swift */,
				6A2EB3EE29A965BE00C2CE98 /* PasswordTextField.swift */,
				6ACEAF8A29AA7A9500C18ABF /* PasswordStatusView */,
				6AC35B1F29AD21100073BE55 /* Utils */,
				6AE548C629A964B20077B24B /* Files */,
			);
			path = Password;
			sourceTree = "<group>";
		};
		6AE548C629A964B20077B24B /* Files */ = {
			isa = PBXGroup;
			children = (
				6AE548BA29A963B60077B24B /* Assets.xcassets */,
				6AE548BC29A963B60077B24B /* LaunchScreen.storyboard */,
				6AE548BF29A963B60077B24B /* Info.plist */,
			);
			name = Files;
			sourceTree = "<group>";
		};
/* End PBXGroup section */

/* Begin PBXNativeTarget section */
		6A7D9BEE29AEA4040094167C /* PasswordTests */ = {
			isa = PBXNativeTarget;
			buildConfigurationList = 6A7D9BF529AEA4040094167C /* Build configuration list for PBXNativeTarget "PasswordTests" */;
			buildPhases = (
				6A7D9BEB29AEA4040094167C /* Sources */,
				6A7D9BEC29AEA4040094167C /* Frameworks */,
				6A7D9BED29AEA4040094167C /* Resources */,
			);
			buildRules = (
			);
			dependencies = (
				6A7D9BF429AEA4040094167C /* PBXTargetDependency */,
			);
			name = PasswordTests;
			productName = PasswordTests;
			productReference = 6A7D9BEF29AEA4040094167C /* PasswordTests.xctest */;
			productType = "com.apple.product-type.bundle.unit-test";
		};
		6AE548AD29A963B50077B24B /* Password */ = {
			isa = PBXNativeTarget;
			buildConfigurationList = 6AE548C229A963B60077B24B /* Build configuration list for PBXNativeTarget "Password" */;
			buildPhases = (
				6AE548AA29A963B50077B24B /* Sources */,
				6AE548AB29A963B50077B24B /* Frameworks */,
				6AE548AC29A963B50077B24B /* Resources */,
			);
			buildRules = (
			);
			dependencies = (
			);
			name = Password;
			productName = Password;
			productReference = 6AE548AE29A963B50077B24B /* Password.app */;
			productType = "com.apple.product-type.application";
		};
/* End PBXNativeTarget section */

/* Begin PBXProject section */
		6AE548A629A963B40077B24B /* Project object */ = {
			isa = PBXProject;
			attributes = {
				BuildIndependentTargetsInParallel = 1;
				LastSwiftUpdateCheck = 1420;
				LastUpgradeCheck = 1420;
				TargetAttributes = {
					6A7D9BEE29AEA4040094167C = {
						CreatedOnToolsVersion = 14.2;
						LastSwiftMigration = 1420;
						TestTargetID = 6AE548AD29A963B50077B24B;
					};
					6AE548AD29A963B50077B24B = {
						CreatedOnToolsVersion = 14.2;
					};
				};
			};
			buildConfigurationList = 6AE548A929A963B40077B24B /* Build configuration list for PBXProject "Password" */;
			compatibilityVersion = "Xcode 14.0";
			developmentRegion = en;
			hasScannedForEncodings = 0;
			knownRegions = (
				en,
				Base,
			);
			mainGroup = 6AE548A529A963B40077B24B;
			productRefGroup = 6AE548AF29A963B50077B24B /* Products */;
			projectDirPath = "";
			projectRoot = "";
			targets = (
				6AE548AD29A963B50077B24B /* Password */,
				6A7D9BEE29AEA4040094167C /* PasswordTests */,
			);
		};
/* End PBXProject section */

/* Begin PBXResourcesBuildPhase section */
		6A7D9BED29AEA4040094167C /* Resources */ = {
			isa = PBXResourcesBuildPhase;
			buildActionMask = 2147483647;
			files = (
			);
			runOnlyForDeploymentPostprocessing = 0;
		};
		6AE548AC29A963B50077B24B /* Resources */ = {
			isa = PBXResourcesBuildPhase;
			buildActionMask = 2147483647;
			files = (
				6AE548BE29A963B60077B24B /* LaunchScreen.storyboard in Resources */,
				6AE548BB29A963B60077B24B /* Assets.xcassets in Resources */,
			);
			runOnlyForDeploymentPostprocessing = 0;
		};
/* End PBXResourcesBuildPhase section */

/* Begin PBXSourcesBuildPhase section */
		6A7D9BEB29AEA4040094167C /* Sources */ = {
			isa = PBXSourcesBuildPhase;
			buildActionMask = 2147483647;
			files = (
				6A1D58AC29AEAE6100114195 /* String+Utils.swift in Sources */,
				6A00CFF829AEA9BF007206E6 /* ViewControllerTests.swift in Sources */,
				6A7D9BF929AEA4240094167C /* PasswordCriteria.swift in Sources */,
				6A00CFF629AEA574007206E6 /* PasswordStatusViewTests.swift in Sources */,
			);
			runOnlyForDeploymentPostprocessing = 0;
		};
		6AE548AA29A963B50077B24B /* Sources */ = {
			isa = PBXSourcesBuildPhase;
			buildActionMask = 2147483647;
			files = (
				6AE548B629A963B50077B24B /* ViewController.swift in Sources */,
				6AC35B1E29AD20FA0073BE55 /* UIResponder+Utils.swift in Sources */,
				6A74E74A29AA9E62000973D1 /* PasswordCritiera.swift in Sources */,
				6AE548B229A963B50077B24B /* AppDelegate.swift in Sources */,
				6ACEAF8C29AA7AA600C18ABF /* PasswordCriteriaView.swift in Sources */,
				6ACEAF8F29AA863200C18ABF /* PasswordStatusView.swift in Sources */,
				6A2EB3EF29A965BE00C2CE98 /* PasswordTextField.swift in Sources */,
			);
			runOnlyForDeploymentPostprocessing = 0;
		};
/* End PBXSourcesBuildPhase section */

/* Begin PBXTargetDependency section */
		6A7D9BF429AEA4040094167C /* PBXTargetDependency */ = {
			isa = PBXTargetDependency;
			target = 6AE548AD29A963B50077B24B /* Password */;
			targetProxy = 6A7D9BF329AEA4040094167C /* PBXContainerItemProxy */;
		};
/* End PBXTargetDependency section */

/* Begin PBXVariantGroup section */
		6AE548BC29A963B60077B24B /* LaunchScreen.storyboard */ = {
			isa = PBXVariantGroup;
			children = (
				6AE548BD29A963B60077B24B /* Base */,
			);
			name = LaunchScreen.storyboard;
			sourceTree = "<group>";
		};
/* End PBXVariantGroup section */

/* Begin XCBuildConfiguration section */
		6A7D9BF629AEA4040094167C /* Debug */ = {
			isa = XCBuildConfiguration;
			buildSettings = {
				BUNDLE_LOADER = "$(TEST_HOST)";
				CLANG_ENABLE_MODULES = YES;
				CODE_SIGN_STYLE = Automatic;
				CURRENT_PROJECT_VERSION = 1;
				DEVELOPMENT_TEAM = 9PCQ5XC84W;
				GENERATE_INFOPLIST_FILE = YES;
				LD_RUNPATH_SEARCH_PATHS = (
					"$(inherited)",
					"@executable_path/Frameworks",
					"@loader_path/Frameworks",
				);
				MARKETING_VERSION = 1.0;
				PRODUCT_BUNDLE_IDENTIFIER = com.mandlecommerce.PasswordTests;
				PRODUCT_NAME = "$(TARGET_NAME)";
				SWIFT_EMIT_LOC_STRINGS = NO;
				SWIFT_OPTIMIZATION_LEVEL = "-Onone";
				SWIFT_VERSION = 5.0;
				TARGETED_DEVICE_FAMILY = "1,2";
				TEST_HOST = "$(BUILT_PRODUCTS_DIR)/Password.app/$(BUNDLE_EXECUTABLE_FOLDER_PATH)/Password";
			};
			name = Debug;
		};
		6A7D9BF729AEA4040094167C /* Release */ = {
			isa = XCBuildConfiguration;
			buildSettings = {
				BUNDLE_LOADER = "$(TEST_HOST)";
				CLANG_ENABLE_MODULES = YES;
				CODE_SIGN_STYLE = Automatic;
				CURRENT_PROJECT_VERSION = 1;
				DEVELOPMENT_TEAM = 9PCQ5XC84W;
				GENERATE_INFOPLIST_FILE = YES;
				LD_RUNPATH_SEARCH_PATHS = (
					"$(inherited)",
					"@executable_path/Frameworks",
					"@loader_path/Frameworks",
				);
				MARKETING_VERSION = 1.0;
				PRODUCT_BUNDLE_IDENTIFIER = com.mandlecommerce.PasswordTests;
				PRODUCT_NAME = "$(TARGET_NAME)";
				SWIFT_EMIT_LOC_STRINGS = NO;
				SWIFT_VERSION = 5.0;
				TARGETED_DEVICE_FAMILY = "1,2";
				TEST_HOST = "$(BUILT_PRODUCTS_DIR)/Password.app/$(BUNDLE_EXECUTABLE_FOLDER_PATH)/Password";
			};
			name = Release;
		};
		6AE548C029A963B60077B24B /* Debug */ = {
			isa = XCBuildConfiguration;
			buildSettings = {
				ALWAYS_SEARCH_USER_PATHS = NO;
				CLANG_ANALYZER_NONNULL = YES;
				CLANG_ANALYZER_NUMBER_OBJECT_CONVERSION = YES_AGGRESSIVE;
				CLANG_CXX_LANGUAGE_STANDARD = "gnu++20";
				CLANG_ENABLE_MODULES = YES;
				CLANG_ENABLE_OBJC_ARC = YES;
				CLANG_ENABLE_OBJC_WEAK = YES;
				CLANG_WARN_BLOCK_CAPTURE_AUTORELEASING = YES;
				CLANG_WARN_BOOL_CONVERSION = YES;
				CLANG_WARN_COMMA = YES;
				CLANG_WARN_CONSTANT_CONVERSION = YES;
				CLANG_WARN_DEPRECATED_OBJC_IMPLEMENTATIONS = YES;
				CLANG_WARN_DIRECT_OBJC_ISA_USAGE = YES_ERROR;
				CLANG_WARN_DOCUMENTATION_COMMENTS = YES;
				CLANG_WARN_EMPTY_BODY = YES;
				CLANG_WARN_ENUM_CONVERSION = YES;
				CLANG_WARN_INFINITE_RECURSION = YES;
				CLANG_WARN_INT_CONVERSION = YES;
				CLANG_WARN_NON_LITERAL_NULL_CONVERSION = YES;
				CLANG_WARN_OBJC_IMPLICIT_RETAIN_SELF = YES;
				CLANG_WARN_OBJC_LITERAL_CONVERSION = YES;
				CLANG_WARN_OBJC_ROOT_CLASS = YES_ERROR;
				CLANG_WARN_QUOTED_INCLUDE_IN_FRAMEWORK_HEADER = YES;
				CLANG_WARN_RANGE_LOOP_ANALYSIS = YES;
				CLANG_WARN_STRICT_PROTOTYPES = YES;
				CLANG_WARN_SUSPICIOUS_MOVE = YES;
				CLANG_WARN_UNGUARDED_AVAILABILITY = YES_AGGRESSIVE;
				CLANG_WARN_UNREACHABLE_CODE = YES;
				CLANG_WARN__DUPLICATE_METHOD_MATCH = YES;
				COPY_PHASE_STRIP = NO;
				DEBUG_INFORMATION_FORMAT = dwarf;
				ENABLE_STRICT_OBJC_MSGSEND = YES;
				ENABLE_TESTABILITY = YES;
				GCC_C_LANGUAGE_STANDARD = gnu11;
				GCC_DYNAMIC_NO_PIC = NO;
				GCC_NO_COMMON_BLOCKS = YES;
				GCC_OPTIMIZATION_LEVEL = 0;
				GCC_PREPROCESSOR_DEFINITIONS = (
					"DEBUG=1",
					"$(inherited)",
				);
				GCC_WARN_64_TO_32_BIT_CONVERSION = YES;
				GCC_WARN_ABOUT_RETURN_TYPE = YES_ERROR;
				GCC_WARN_UNDECLARED_SELECTOR = YES;
				GCC_WARN_UNINITIALIZED_AUTOS = YES_AGGRESSIVE;
				GCC_WARN_UNUSED_FUNCTION = YES;
				GCC_WARN_UNUSED_VARIABLE = YES;
				IPHONEOS_DEPLOYMENT_TARGET = 16.2;
				MTL_ENABLE_DEBUG_INFO = INCLUDE_SOURCE;
				MTL_FAST_MATH = YES;
				ONLY_ACTIVE_ARCH = YES;
				SDKROOT = iphoneos;
				SWIFT_ACTIVE_COMPILATION_CONDITIONS = DEBUG;
				SWIFT_OPTIMIZATION_LEVEL = "-Onone";
			};
			name = Debug;
		};
		6AE548C129A963B60077B24B /* Release */ = {
			isa = XCBuildConfiguration;
			buildSettings = {
				ALWAYS_SEARCH_USER_PATHS = NO;
				CLANG_ANALYZER_NONNULL = YES;
				CLANG_ANALYZER_NUMBER_OBJECT_CONVERSION = YES_AGGRESSIVE;
				CLANG_CXX_LANGUAGE_STANDARD = "gnu++20";
				CLANG_ENABLE_MODULES = YES;
				CLANG_ENABLE_OBJC_ARC = YES;
				CLANG_ENABLE_OBJC_WEAK = YES;
				CLANG_WARN_BLOCK_CAPTURE_AUTORELEASING = YES;
				CLANG_WARN_BOOL_CONVERSION = YES;
				CLANG_WARN_COMMA = YES;
				CLANG_WARN_CONSTANT_CONVERSION = YES;
				CLANG_WARN_DEPRECATED_OBJC_IMPLEMENTATIONS = YES;
				CLANG_WARN_DIRECT_OBJC_ISA_USAGE = YES_ERROR;
				CLANG_WARN_DOCUMENTATION_COMMENTS = YES;
				CLANG_WARN_EMPTY_BODY = YES;
				CLANG_WARN_ENUM_CONVERSION = YES;
				CLANG_WARN_INFINITE_RECURSION = YES;
				CLANG_WARN_INT_CONVERSION = YES;
				CLANG_WARN_NON_LITERAL_NULL_CONVERSION = YES;
				CLANG_WARN_OBJC_IMPLICIT_RETAIN_SELF = YES;
				CLANG_WARN_OBJC_LITERAL_CONVERSION = YES;
				CLANG_WARN_OBJC_ROOT_CLASS = YES_ERROR;
				CLANG_WARN_QUOTED_INCLUDE_IN_FRAMEWORK_HEADER = YES;
				CLANG_WARN_RANGE_LOOP_ANALYSIS = YES;
				CLANG_WARN_STRICT_PROTOTYPES = YES;
				CLANG_WARN_SUSPICIOUS_MOVE = YES;
				CLANG_WARN_UNGUARDED_AVAILABILITY = YES_AGGRESSIVE;
				CLANG_WARN_UNREACHABLE_CODE = YES;
				CLANG_WARN__DUPLICATE_METHOD_MATCH = YES;
				COPY_PHASE_STRIP = NO;
				DEBUG_INFORMATION_FORMAT = "dwarf-with-dsym";
				ENABLE_NS_ASSERTIONS = NO;
				ENABLE_STRICT_OBJC_MSGSEND = YES;
				GCC_C_LANGUAGE_STANDARD = gnu11;
				GCC_NO_COMMON_BLOCKS = YES;
				GCC_WARN_64_TO_32_BIT_CONVERSION = YES;
				GCC_WARN_ABOUT_RETURN_TYPE = YES_ERROR;
				GCC_WARN_UNDECLARED_SELECTOR = YES;
				GCC_WARN_UNINITIALIZED_AUTOS = YES_AGGRESSIVE;
				GCC_WARN_UNUSED_FUNCTION = YES;
				GCC_WARN_UNUSED_VARIABLE = YES;
				IPHONEOS_DEPLOYMENT_TARGET = 16.2;
				MTL_ENABLE_DEBUG_INFO = NO;
				MTL_FAST_MATH = YES;
				SDKROOT = iphoneos;
				SWIFT_COMPILATION_MODE = wholemodule;
				SWIFT_OPTIMIZATION_LEVEL = "-O";
				VALIDATE_PRODUCT = YES;
			};
			name = Release;
		};
		6AE548C329A963B60077B24B /* Debug */ = {
			isa = XCBuildConfiguration;
			buildSettings = {
				ASSETCATALOG_COMPILER_APPICON_NAME = AppIcon;
				ASSETCATALOG_COMPILER_GLOBAL_ACCENT_COLOR_NAME = AccentColor;
				CODE_SIGN_STYLE = Automatic;
				CURRENT_PROJECT_VERSION = 1;
				DEVELOPMENT_TEAM = 9PCQ5XC84W;
				GENERATE_INFOPLIST_FILE = YES;
				INFOPLIST_FILE = Password/Info.plist;
				INFOPLIST_KEY_UIApplicationSupportsIndirectInputEvents = YES;
				INFOPLIST_KEY_UILaunchStoryboardName = LaunchScreen;
				INFOPLIST_KEY_UISupportedInterfaceOrientations_iPad = "UIInterfaceOrientationPortrait UIInterfaceOrientationPortraitUpsideDown UIInterfaceOrientationLandscapeLeft UIInterfaceOrientationLandscapeRight";
				INFOPLIST_KEY_UISupportedInterfaceOrientations_iPhone = "UIInterfaceOrientationPortrait UIInterfaceOrientationLandscapeLeft UIInterfaceOrientationLandscapeRight";
				LD_RUNPATH_SEARCH_PATHS = (
					"$(inherited)",
					"@executable_path/Frameworks",
				);
				MARKETING_VERSION = 1.0;
				PRODUCT_BUNDLE_IDENTIFIER = com.mandlecommerce.Password;
				PRODUCT_NAME = "$(TARGET_NAME)";
				SWIFT_EMIT_LOC_STRINGS = YES;
				SWIFT_VERSION = 5.0;
				TARGETED_DEVICE_FAMILY = "1,2";
			};
			name = Debug;
		};
		6AE548C429A963B60077B24B /* Release */ = {
			isa = XCBuildConfiguration;
			buildSettings = {
				ASSETCATALOG_COMPILER_APPICON_NAME = AppIcon;
				ASSETCATALOG_COMPILER_GLOBAL_ACCENT_COLOR_NAME = AccentColor;
				CODE_SIGN_STYLE = Automatic;
				CURRENT_PROJECT_VERSION = 1;
				DEVELOPMENT_TEAM = 9PCQ5XC84W;
				GENERATE_INFOPLIST_FILE = YES;
				INFOPLIST_FILE = Password/Info.plist;
				INFOPLIST_KEY_UIApplicationSupportsIndirectInputEvents = YES;
				INFOPLIST_KEY_UILaunchStoryboardName = LaunchScreen;
				INFOPLIST_KEY_UISupportedInterfaceOrientations_iPad = "UIInterfaceOrientationPortrait UIInterfaceOrientationPortraitUpsideDown UIInterfaceOrientationLandscapeLeft UIInterfaceOrientationLandscapeRight";
				INFOPLIST_KEY_UISupportedInterfaceOrientations_iPhone = "UIInterfaceOrientationPortrait UIInterfaceOrientationLandscapeLeft UIInterfaceOrientationLandscapeRight";
				LD_RUNPATH_SEARCH_PATHS = (
					"$(inherited)",
					"@executable_path/Frameworks",
				);
				MARKETING_VERSION = 1.0;
				PRODUCT_BUNDLE_IDENTIFIER = com.mandlecommerce.Password;
				PRODUCT_NAME = "$(TARGET_NAME)";
				SWIFT_EMIT_LOC_STRINGS = YES;
				SWIFT_VERSION = 5.0;
				TARGETED_DEVICE_FAMILY = "1,2";
			};
			name = Release;
		};
/* End XCBuildConfiguration section */

/* Begin XCConfigurationList section */
		6A7D9BF529AEA4040094167C /* Build configuration list for PBXNativeTarget "PasswordTests" */ = {
			isa = XCConfigurationList;
			buildConfigurations = (
				6A7D9BF629AEA4040094167C /* Debug */,
				6A7D9BF729AEA4040094167C /* Release */,
			);
			defaultConfigurationIsVisible = 0;
			defaultConfigurationName = Release;
		};
		6AE548A929A963B40077B24B /* Build configuration list for PBXProject "Password" */ = {
			isa = XCConfigurationList;
			buildConfigurations = (
				6AE548C029A963B60077B24B /* Debug */,
				6AE548C129A963B60077B24B /* Release */,
			);
			defaultConfigurationIsVisible = 0;
			defaultConfigurationName = Release;
		};
		6AE548C229A963B60077B24B /* Build configuration list for PBXNativeTarget "Password" */ = {
			isa = XCConfigurationList;
			buildConfigurations = (
				6AE548C329A963B60077B24B /* Debug */,
				6AE548C429A963B60077B24B /* Release */,
			);
			defaultConfigurationIsVisible = 0;
			defaultConfigurationName = Release;
		};
/* End XCConfigurationList section */
	};
	rootObject = 6AE548A629A963B40077B24B /* Project object */;
}
